
Microsoft Visual Studio Solution File, Format Version 12.00
# Visual Studio 15
VisualStudioVersion = 15.0.27428.2037
MinimumVisualStudioVersion = 10.0.40219.1
Project("{FAE04EC0-301F-11D3-BF4B-00C04F79EFBC}") = "Limena_surveys", "Limena_surveys\Limena_surveys.csproj", "{5E73D46E-5A8A-4E29-B50C-09BEC6BCBD87}"
EndProject
Global
	GlobalSection(SolutionConfigurationPlatforms) = preSolution
		Debug|Any CPU = Debug|Any CPU
		Release|Any CPU = Release|Any CPU
	EndGlobalSection
	GlobalSection(ProjectConfigurationPlatforms) = postSolution
		{5E73D46E-5A8A-4E29-B50C-09BEC6BCBD87}.Debug|Any CPU.ActiveCfg = Debug|Any CPU
		{5E73D46E-5A8A-4E29-B50C-09BEC6BCBD87}.Debug|Any CPU.Build.0 = Debug|Any CPU
		{5E73D46E-5A8A-4E29-B50C-09BEC6BCBD87}.Release|Any CPU.ActiveCfg = Release|Any CPU
		{5E73D46E-5A8A-4E29-B50C-09BEC6BCBD87}.Release|Any CPU.Build.0 = Release|Any CPU
	EndGlobalSection
	GlobalSection(SolutionProperties) = preSolution
		HideSolutionNode = FALSE
	EndGlobalSection
	GlobalSection(ExtensibilityGlobals) = postSolution
		SolutionGuid = {9B09A645-1310-406F-A4F0-21DE443B8A3E}
	EndGlobalSection
EndGlobal
